
Microsoft Visual Studio Solution File, Format Version 12.00
# Visual Studio Version 17
VisualStudioVersion = 17.0.32014.148
MinimumVisualStudioVersion = 10.0.40219.1
Project("{FAE04EC0-301F-11D3-BF4B-00C04F79EFBC}") = "OOP_Credit.Card", "OOP_Credit.Card.csproj", "{67DA4B69-026E-45A6-AE57-B941FAAF491E}"
EndProject
Global
	GlobalSection(SolutionConfigurationPlatforms) = preSolution
		Debug|Any CPU = Debug|Any CPU
		Release|Any CPU = Release|Any CPU
	EndGlobalSection
	GlobalSection(ProjectConfigurationPlatforms) = postSolution
		{67DA4B69-026E-45A6-AE57-B941FAAF491E}.Debug|Any CPU.ActiveCfg = Debug|Any CPU
		{67DA4B69-026E-45A6-AE57-B941FAAF491E}.Debug|Any CPU.Build.0 = Debug|Any CPU
		{67DA4B69-026E-45A6-AE57-B941FAAF491E}.Release|Any CPU.ActiveCfg = Release|Any CPU
		{67DA4B69-026E-45A6-AE57-B941FAAF491E}.Release|Any CPU.Build.0 = Release|Any CPU
	EndGlobalSection
	GlobalSection(SolutionProperties) = preSolution
		HideSolutionNode = FALSE
	EndGlobalSection
	GlobalSection(ExtensibilityGlobals) = postSolution
		SolutionGuid = {D5437482-5851-4B4E-BE81-D0CB2FE3E8CB}
	EndGlobalSection
EndGlobal
